<?xml version="1.0" encoding="utf-8"?>
<Project ToolsVersion="4.0" xmlns="http://schemas.microsoft.com/developer/msbuild/2003">
  <ItemGroup>
    <Filter Include="Source Files">
      <UniqueIdentifier>{4FC737F1-C7A5-4376-A066-2A32D752A2FF}</UniqueIdentifier>
      <Extensions>cpp;c;cc;cxx;c++;cppm;ixx;def;odl;idl;hpj;bat;asm;asmx</Extensions>
    </Filter>
    <Filter Include="Header Files">
      <UniqueIdentifier>{93995380-89BD-4b04-88EB-625FBE52EBFB}</UniqueIdentifier>
      <Extensions>h;hh;hpp;hxx;h++;hm;inl;inc;ipp;xsd</Extensions>
    </Filter>
    <Filter Include="Resource Files">
      <UniqueIdentifier>{67DA6AB6-F800-4c08-8B7A-83BB121AAD01}</UniqueIdentifier>
      <Extensions>rc;ico;cur;bmp;dlg;rc2;rct;bin;rgs;gif;jpg;jpeg;jpe;resx;tiff;tif;png;wav;mfcribbon-ms</Extensions>
    </Filter>
    <Filter Include="external">
      <UniqueIdentifier>{224f0f56-4dca-468c-a28c-1b8656896ecc}</UniqueIdentifier>
    </Filter>
    <Filter Include="src">
      <UniqueIdentifier>{f41e0f62-1d01-4b4f-86ad-a7edf92928a8}</UniqueIdentifier>
    </Filter>
    <Filter Include="assets">
      <UniqueIdentifier>{894651a9-639b-4c7f-90f8-45cbe717f7bd}</UniqueIdentifier>
    </Filter>
    <Filter Include="sidecar">
      <UniqueIdentifier>{e70ac4a4-b7cb-4948-95c0-c7a3ec1148ef}</UniqueIdentifier>
    </Filter>
    <Filter Include="assets\overlay">
      <UniqueIdentifier>{7df615b3-361e-43c3-80ee-d952aaf72522}</UniqueIdentifier>
    </Filter>
    <Filter Include="assets\overlay\landscape">
      <UniqueIdentifier>{584b570a-5cc9-40f1-b49d-672a3d767fc8}</UniqueIdentifier>
    </Filter>
    <Filter Include="assets\overlay\common">
      <UniqueIdentifier>{44a65eb7-c4d7-43c4-81ab-33c80fe9971e}</UniqueIdentifier>
    </Filter>
    <Filter Include="assets\app">
      <UniqueIdentifier>{dd492cda-eefd-4463-be6a-e7980f594976}</UniqueIdentifier>
    </Filter>
  </ItemGroup>
  <ItemGroup>
    <ClInclude Include="targetver.h">
      <Filter>Header Files</Filter>
    </ClInclude>
    <ClInclude Include="..\external\httplib.h">
      <Filter>external</Filter>
    </ClInclude>
    <ClInclude Include="..\external\json.hpp">
      <Filter>external</Filter>
    </ClInclude>
    <ClInclude Include="integrations\obs\ObsWsClient.h">
      <Filter>Header Files</Filter>
    </ClInclude>
    <ClInclude Include="integrations\tiktok\TikTokFollowersService.h">
      <Filter>Header Files</Filter>
    </ClInclude>
    <ClInclude Include="integrations\tiktok\TikTokSidecar.h">
      <Filter>Header Files</Filter>
    </ClInclude>
    <ClInclude Include="integrations\twitch\TwitchHelixService.h">
      <Filter>Header Files</Filter>
    </ClInclude>
    <ClInclude Include="integrations\twitch\TwitchIrcWsClient.h">
      <Filter>Header Files</Filter>
    </ClInclude>
    <ClInclude Include="src\AppConfig.h">
      <Filter>Header Files</Filter>
    </ClInclude>
    <ClInclude Include="src\AppState.h">
      <Filter>Header Files</Filter>
    </ClInclude>
    <ClInclude Include="src\Mode-S Client.h">
      <Filter>Header Files</Filter>
    </ClInclude>
    <ClInclude Include="ui\Resource.h">
      <Filter>Header Files</Filter>
    </ClInclude>
    <ClInclude Include="integrations\euroscope\EuroScopeIngestService.h">
      <Filter>Header Files</Filter>
    </ClInclude>
    <ClInclude Include="src\chat\ChatAggregator.h">
      <Filter>Header Files</Filter>
    </ClInclude>
    <ClInclude Include="src\http\HttpServer.h">
      <Filter>Header Files</Filter>
    </ClInclude>
    <ClInclude Include="src\floating\FloatingChat.h">
      <Filter>Header Files</Filter>
    </ClInclude>
    <ClInclude Include="integrations\youtube\YouTubeLiveChatService.h">
      <Filter>Header Files</Filter>
    </ClInclude>
    <ClInclude Include="integrations\youtube\YouTubeSidecar.h">
      <Filter>Header Files</Filter>
    </ClInclude>
    <ClInclude Include="src\http\LogBuffer.h">
      <Filter>Header Files</Filter>
    </ClInclude>
    <ClInclude Include="src\platform\PlatformControl.h">
      <Filter>Header Files</Filter>
    </ClInclude>
    <ClInclude Include="integrations\twitch\TwitchEventSubWsClient.h">
      <Filter>Header Files</Filter>
    </ClInclude>
    <ClInclude Include="integrations\twitch\TwitchAuth.h">
      <Filter>Header Files</Filter>
    </ClInclude>
  </ItemGroup>
  <ItemGroup>
    <ClCompile Include="integrations\obs\ObsWsClient.cpp">
      <Filter>Source Files</Filter>
    </ClCompile>
    <ClCompile Include="integrations\tiktok\TikTokFollowersService.cpp">
      <Filter>Source Files</Filter>
    </ClCompile>
    <ClCompile Include="integrations\tiktok\TikTokSidecar.cpp">
      <Filter>Source Files</Filter>
    </ClCompile>
    <ClCompile Include="integrations\twitch\TwitchHelixService.cpp">
      <Filter>Source Files</Filter>
    </ClCompile>
    <ClCompile Include="integrations\twitch\TwitchIrcWsClient.cpp">
      <Filter>Source Files</Filter>
    </ClCompile>
    <ClCompile Include="src\AppState.cpp">
      <Filter>Source Files</Filter>
    </ClCompile>
    <ClCompile Include="src\Mode-S Client.cpp">
      <Filter>Source Files</Filter>
    </ClCompile>
    <ClCompile Include="integrations\euroscope\EuroScopeIngestService.cpp">
      <Filter>Source Files</Filter>
    </ClCompile>
    <ClCompile Include="src\chat\ChatAggregator.cpp">
      <Filter>Source Files</Filter>
    </ClCompile>
    <ClCompile Include="src\http\HttpServer.cpp">
      <Filter>Source Files</Filter>
    </ClCompile>
    <ClCompile Include="src\floating\FloatingChat.cpp">
      <Filter>Source Files</Filter>
    </ClCompile>
    <ClCompile Include="integrations\youtube\YouTubeLiveChatService.cpp">
      <Filter>Source Files</Filter>
    </ClCompile>
    <ClCompile Include="integrations\youtube\YouTubeSidecar.cpp">
      <Filter>Source Files</Filter>
    </ClCompile>
    <ClCompile Include="src\http\LogBuffer.cpp">
      <Filter>Source Files</Filter>
    </ClCompile>
    <ClCompile Include="src\platform\PlatformControl.cpp">
      <Filter>Source Files</Filter>
    </ClCompile>
    <ClCompile Include="integrations\twitch\TwitchEventSubWsClient.cpp">
      <Filter>Source Files</Filter>
    </ClCompile>
    <ClCompile Include="integrations\twitch\TwitchAuth.cpp">
      <Filter>Source Files</Filter>
    </ClCompile>
  </ItemGroup>
  <ItemGroup>
    <ResourceCompile Include="ui\Mode-S Client.rc">
      <Filter>Resource Files</Filter>
    </ResourceCompile>
  </ItemGroup>
  <ItemGroup>
    <Image Include="assets\icons\radarcontrollermodesclient.ico">
      <Filter>Resource Files</Filter>
    </Image>
  </ItemGroup>
  <ItemGroup>
    <None Include="scripts\sidecar\tiktok_sidecar.py">
      <Filter>sidecar</Filter>
    </None>
    <None Include="assets\overlay\Landscape\26_header.html">
      <Filter>assets\overlay\landscape</Filter>
    </None>
    <None Include="assets\overlay\Common\chat.html">
      <Filter>assets\overlay\common</Filter>
    </None>
    <None Include="packages.config" />
    <None Include="assets\app\chat.html">
      <Filter>assets\app</Filter>
    </None>
    <None Include="assets\app\app.css">
      <Filter>assets\app</Filter>
    </None>
    <None Include="assets\app\app.js">
      <Filter>assets\app</Filter>
    </None>
    <None Include="assets\app\index.html">
      <Filter>assets\app</Filter>
    </None>
    <None Include="scripts\sidecar\youtube_sidecar.py">
      <Filter>sidecar</Filter>
    </None>
    <None Include="assets\overlay\landscape\26_webcam_mask.html">
      <Filter>assets\overlay\landscape</Filter>
    </None>
    <None Include="assets\overlay\landscape\26_chat.html">
      <Filter>assets\overlay\landscape</Filter>
    </None>
    <None Include="assets\overlay\landscape\26_footer.html">
      <Filter>assets\overlay\landscape</Filter>
    </None>
    <None Include="assets\overlay\landscape\26_simulator.html">
      <Filter>assets\overlay\landscape</Filter>
    </None>
    <None Include="assets\overlay\landscape\26_webcam.html">
      <Filter>assets\overlay\landscape</Filter>
    </None>
    <None Include="assets\mergedChatFeed.js">
      <Filter>assets</Filter>
    </None>
  </ItemGroup>
</Project>